
Microsoft Visual Studio Solution File, Format Version 12.00
# Visual Studio Version 17
VisualStudioVersion = 17.10.35122.118
MinimumVisualStudioVersion = 10.0.40219.1
Project("{FAE04EC0-301F-11D3-BF4B-00C04F79EFBC}") = "Hibernate", "Hibernate.csproj", "{33844D08-265D-4349-B261-E70A22A1C2B6}"
EndProject
Global
	GlobalSection(SolutionConfigurationPlatforms) = preSolution
		Debug|Any CPU = Debug|Any CPU
		Release|Any CPU = Release|Any CPU
	EndGlobalSection
	GlobalSection(ProjectConfigurationPlatforms) = postSolution
		{33844D08-265D-4349-B261-E70A22A1C2B6}.Debug|Any CPU.ActiveCfg = Debug|Any CPU
		{33844D08-265D-4349-B261-E70A22A1C2B6}.Debug|Any CPU.Build.0 = Debug|Any CPU
		{33844D08-265D-4349-B261-E70A22A1C2B6}.Release|Any CPU.ActiveCfg = Release|Any CPU
		{33844D08-265D-4349-B261-E70A22A1C2B6}.Release|Any CPU.Build.0 = Release|Any CPU
	EndGlobalSection
	GlobalSection(SolutionProperties) = preSolution
		HideSolutionNode = FALSE
	EndGlobalSection
	GlobalSection(ExtensibilityGlobals) = postSolution
		SolutionGuid = {D5480F2C-727F-4D08-B2BB-3F1F12CFDEC0}
	EndGlobalSection
EndGlobal
